// !$*UTF8*$!
{
	archiveVersion = 1;
	classes = {
	};
	objectVersion = 77;
	objects = {

/* Begin PBXBuildFile section */
		00B5149450CDBE5397A80E8D /* MTMathListIndex.swift in Sources */ = {isa = PBXBuildFile; fileRef = C132F36FD7F7D2FD7DD1FFF8 /* MTMathListIndex.swift */; };
		065A7458F83D731ED73D4D33 /* MTConfig.swift in Sources */ = {isa = PBXBuildFile; fileRef = 307BA9E935DBCE1A3EE84090 /* MTConfig.swift */; };
		066968D1CC95F6A7FE8D0715 /* FloatingPanel.swift in Sources */ = {isa = PBXBuildFile; fileRef = 03B0B0357916235B809E566B /* FloatingPanel.swift */; };
		06AFDE855BCBA67DE767B4E1 /* MarkdownParser.swift in Sources */ = {isa = PBXBuildFile; fileRef = FC77F949B43F2F53CE7959C4 /* MarkdownParser.swift */; };
		0BB0E0FE6EC153DCC4DED9CF /* MTColor.swift in Sources */ = {isa = PBXBuildFile; fileRef = 3B2211C3F2E376A20DB7FE5A /* MTColor.swift */; };
		0C5114982045E735EAE25370 /* AIChatWindowControls.swift in Sources */ = {isa = PBXBuildFile; fileRef = BC4F3CD708D8C2432833E3E3 /* AIChatWindowControls.swift */; };
		0FF0EAC1AC72FBE27721C977 /* MediaRemote in Resources */ = {isa = PBXBuildFile; fileRef = C01588AECCABE573EFDE95CD /* MediaRemote */; };
		1232F626BAE9114CD9B5CB60 /* SettingsView.swift in Sources */ = {isa = PBXBuildFile; fileRef = B6E97F9FE6F6637A5F39A803 /* SettingsView.swift */; };
		134C9389697F7A8589E3C21A /* AICompletionNotifier.swift in Sources */ = {isa = PBXBuildFile; fileRef = D68032BC793ACA6923E904D1 /* AICompletionNotifier.swift */; };
		16E81EBBA25542856B8CEC7D /* MTMathImage.swift in Sources */ = {isa = PBXBuildFile; fileRef = 7DB2782A10BC852F7C88D212 /* MTMathImage.swift */; };
		1CEBF69EE33C8D9B699B377B /* libSwiftMath.a in Frameworks */ = {isa = PBXBuildFile; fileRef = 0E743B480470624A4287B53E /* libSwiftMath.a */; };
		267EBE782C8E63EC0B1B76FB /* MTMathListBuilder.swift in Sources */ = {isa = PBXBuildFile; fileRef = 9656C66211292A7426B2795C /* MTMathListBuilder.swift */; };
		2FE8433EC0F02F3317099504 /* mathFonts.bundle in Resources */ = {isa = PBXBuildFile; fileRef = B447A4A50153BE5D3817D655 /* mathFonts.bundle */; };
		30440526851B6CE2562C8459 /* MTLabel.swift in Sources */ = {isa = PBXBuildFile; fileRef = E84BDE0348FDAA9E49D752F1 /* MTLabel.swift */; };
		396D8C5B98B04772B5CF3FD5 /* HotKeyManager.swift in Sources */ = {isa = PBXBuildFile; fileRef = A717A5076D26657EA117861F /* HotKeyManager.swift */; };
		3FC1DB5D580A579E2803DF5A /* MTMathAtomFactory.swift in Sources */ = {isa = PBXBuildFile; fileRef = 31B220E8199511E133A53FEA /* MTMathAtomFactory.swift */; };
		45F48861BD508743A0514146 /* MTFontV2.swift in Sources */ = {isa = PBXBuildFile; fileRef = 6A037EDC27F5CEB9073A4B2D /* MTFontV2.swift */; };
		48869261FB3AFE69DE9E7264 /* BuiltInTools.swift in Sources */ = {isa = PBXBuildFile; fileRef = 57013FDF715F8B5844F318F0 /* BuiltInTools.swift */; };
		492029441824493F4626037D /* CalendarView.swift in Sources */ = {isa = PBXBuildFile; fileRef = 491F9CCD9C383D8736352FDA /* CalendarView.swift */; };
		5162038574579AC6630B05D5 /* TimeDisplayView.swift in Sources */ = {isa = PBXBuildFile; fileRef = 17C89A3F83C8CCA758C24A0C /* TimeDisplayView.swift */; };
		5B5A3E7275818436396E7FAF /* AIToolExecutor.swift in Sources */ = {isa = PBXBuildFile; fileRef = 1B0D0E7933D7284CE91B0FBB /* AIToolExecutor.swift */; };
		5BDA48B3BFAE35BC6548EAF2 /* ScreenHelper.swift in Sources */ = {isa = PBXBuildFile; fileRef = FF5392359F9E715F636D0AE1 /* ScreenHelper.swift */; };
		6EBCA67406643D8157B55A57 /* DesignTokens.swift in Sources */ = {isa = PBXBuildFile; fileRef = F99ABD71A91473D072310ABF /* DesignTokens.swift */; };
		7325565C24EBC2891BB84D17 /* PanelManager.swift in Sources */ = {isa = PBXBuildFile; fileRef = 4CB3F9819E7541B279D9C3FB /* PanelManager.swift */; };
		753DAC8192ADA968147DC4AF /* PanelView.swift in Sources */ = {isa = PBXBuildFile; fileRef = 8A8DDB1826EFEF6B7CB94BC3 /* PanelView.swift */; };
		7B1CF349CFA5269F288D9612 /* MTFontMathTable.swift in Sources */ = {isa = PBXBuildFile; fileRef = 03458E0DB4A3F5DA4B1ABA3F /* MTFontMathTable.swift */; };
		7D894712465CA4E102E46212 /* MTMathList.swift in Sources */ = {isa = PBXBuildFile; fileRef = B75DEE0C2484EC7C0E4D4828 /* MTMathList.swift */; };
		7E7814E04576707C2E177CD2 /* WebTools.swift in Sources */ = {isa = PBXBuildFile; fileRef = 3AFB3D5D67FEAD99004EDE09 /* WebTools.swift */; };
		7F3550D6676EC0182DD29A75 /* MTFontManager.swift in Sources */ = {isa = PBXBuildFile; fileRef = F29D2A7DA65EFB27452D51FD /* MTFontManager.swift */; };
		809266C1C45B4248D7842710 /* AIToolCardView.swift in Sources */ = {isa = PBXBuildFile; fileRef = D265EF154F546FE21365CDDE /* AIToolCardView.swift */; };
		80FFA17FD32F15AB85C5BCC3 /* MTMathListDisplay.swift in Sources */ = {isa = PBXBuildFile; fileRef = 0B223DA2D2B28A9E5439782C /* MTMathListDisplay.swift */; };
		851C980FD0829DA5AD6402D2 /* AIChatSidebarView.swift in Sources */ = {isa = PBXBuildFile; fileRef = 7DFA821684D05A5547CE67CC /* AIChatSidebarView.swift */; };
		86FE75DF91D637852C56DA63 /* AIChatService.swift in Sources */ = {isa = PBXBuildFile; fileRef = 8F2E6C97F54F40A8B7EE282B /* AIChatService.swift */; };
		873EB16C0D9C58155D24B3B8 /* SystemStatusProvider.swift in Sources */ = {isa = PBXBuildFile; fileRef = 13486C36433281599CC36C34 /* SystemStatusProvider.swift */; };
		8CCF8BF71812D3A221D8CF4F /* LunarCalendar.swift in Sources */ = {isa = PBXBuildFile; fileRef = D63AB70CD13631A39A802994 /* LunarCalendar.swift */; };
		8EA9020A6D1DCEA1B41E831F /* MTTypesetter.swift in Sources */ = {isa = PBXBuildFile; fileRef = B88CB548F8258C555E4F510C /* MTTypesetter.swift */; };
		8F288B929638E67091C36B3A /* ImageAttachment.swift in Sources */ = {isa = PBXBuildFile; fileRef = 3C1EBF97941477D84BA6F706 /* ImageAttachment.swift */; };
		91069499DDBCC2426DCC41CD /* ExpandedMonitoringView.swift in Sources */ = {isa = PBXBuildFile; fileRef = F4584DE26B61ECF74718A252 /* ExpandedMonitoringView.swift */; };
		9C6E9CC1DF2EDE421FC52145 /* StatusBarView.swift in Sources */ = {isa = PBXBuildFile; fileRef = 63AE6828207BF9FDF55E3684 /* StatusBarView.swift */; };
		A3E1307AC8680216CF70DC61 /* AIChatState.swift in Sources */ = {isa = PBXBuildFile; fileRef = 26F4BFA15BAE3D9FF3B340E9 /* AIChatState.swift */; };
		A42B4A28AE6A886BD709BD63 /* AIWindowManager.swift in Sources */ = {isa = PBXBuildFile; fileRef = 04AE831E93734F1F74D7F169 /* AIWindowManager.swift */; };
		ACA81BBE00536E8C914F3A1D /* AIChatMathViews.swift in Sources */ = {isa = PBXBuildFile; fileRef = D342490DBC4E6D19B0BB6D48 /* AIChatMathViews.swift */; };
		AE5BB4255439940FC1B24CA2 /* QuickShowApp.swift in Sources */ = {isa = PBXBuildFile; fileRef = 80187D648ECC52984FCD6D2C /* QuickShowApp.swift */; };
		AE7B7FBB6DA67690F1F7F5DC /* AIChatAttachmentViews.swift in Sources */ = {isa = PBXBuildFile; fileRef = 1E37CE378A41F6F97F6C536A /* AIChatAttachmentViews.swift */; };
		B294658D1B91F980CBB27E32 /* AIChatMarkdownView.swift in Sources */ = {isa = PBXBuildFile; fileRef = 0EDD99D2C350FE69E982FD14 /* AIChatMarkdownView.swift */; };
		B9C5F13390504281B5288EB4 /* GlassSurface.swift in Sources */ = {isa = PBXBuildFile; fileRef = FDB3ADAC64611005A5FDFBEB /* GlassSurface.swift */; };
		BAAA508F44101CD01C5E43A2 /* MTBezierPath.swift in Sources */ = {isa = PBXBuildFile; fileRef = 9979D59CD3CF1794FBDCF514 /* MTBezierPath.swift */; };
		C487EBACFBBB0EA6317F469E /* AIToolRegistry.swift in Sources */ = {isa = PBXBuildFile; fileRef = 297C69DBAA8EAA91A1CB2756 /* AIToolRegistry.swift */; };
		C778FB23F5A4619CABDD5A3F /* AppState.swift in Sources */ = {isa = PBXBuildFile; fileRef = 02C56336313E564A9C58442B /* AppState.swift */; };
		CA0D6647F82669AE53BB7812 /* MTUnicode.swift in Sources */ = {isa = PBXBuildFile; fileRef = 6E1362BEB3DC49FF20A811F5 /* MTUnicode.swift */; };
		DA4C6170D2969158BA1E3B38 /* MathFont.swift in Sources */ = {isa = PBXBuildFile; fileRef = D11F7A6D46279250D573223B /* MathFont.swift */; };
		E542D68A284B997ED9194C5F /* ChatSessionStore.swift in Sources */ = {isa = PBXBuildFile; fileRef = 209D2082B5AB449D9864B03C /* ChatSessionStore.swift */; };
		E730A6B03064328D862A238B /* MTFont.swift in Sources */ = {isa = PBXBuildFile; fileRef = EC0A78A95760C2C20A354FDC /* MTFont.swift */; };
		ED72D26D82D73094EFEC4267 /* MTMathUILabel.swift in Sources */ = {isa = PBXBuildFile; fileRef = D2BC33923F7BAC20B1968651 /* MTMathUILabel.swift */; };
		EFE080DEA2B34CD39F704145 /* MathImage.swift in Sources */ = {isa = PBXBuildFile; fileRef = C14CCDCBC6C81A448DC4D3B4 /* MathImage.swift */; };
		F13C2D9C4C12EFB1BF2857DA /* AIChatView.swift in Sources */ = {isa = PBXBuildFile; fileRef = 804C2AFE4E28879F9C343208 /* AIChatView.swift */; };
		F4BE6BFAA94DEC22AE533146 /* Assets.xcassets in Resources */ = {isa = PBXBuildFile; fileRef = B7BF9C965803CBAE72E3577B /* Assets.xcassets */; };
		F7A44C62B3BA697C2B3B80CC /* RWLock.swift in Sources */ = {isa = PBXBuildFile; fileRef = D7C7EC4C33CD9AD3C0270AD3 /* RWLock.swift */; };
		FF86284F7EB2DF312039B7E2 /* MTFontMathTableV2.swift in Sources */ = {isa = PBXBuildFile; fileRef = E8306490C02B02B7D9AC1528 /* MTFontMathTableV2.swift */; };
/* End PBXBuildFile section */

/* Begin PBXContainerItemProxy section */
		FF634EEEB26D0E42EFBBA9BC /* PBXContainerItemProxy */ = {
			isa = PBXContainerItemProxy;
			containerPortal = 90D56D6065E97DA3300D9C84 /* Project object */;
			proxyType = 1;
			remoteGlobalIDString = 254399A8D21441251C531DE5;
			remoteInfo = SwiftMath;
		};
/* End PBXContainerItemProxy section */

/* Begin PBXFileReference section */
		02C56336313E564A9C58442B /* AppState.swift */ = {isa = PBXFileReference; lastKnownFileType = sourcecode.swift; path = AppState.swift; sourceTree = "<group>"; };
		03458E0DB4A3F5DA4B1ABA3F /* MTFontMathTable.swift */ = {isa = PBXFileReference; lastKnownFileType = sourcecode.swift; path = MTFontMathTable.swift; sourceTree = "<group>"; };
		03B0B0357916235B809E566B /* FloatingPanel.swift */ = {isa = PBXFileReference; lastKnownFileType = sourcecode.swift; path = FloatingPanel.swift; sourceTree = "<group>"; };
		04AE831E93734F1F74D7F169 /* AIWindowManager.swift */ = {isa = PBXFileReference; lastKnownFileType = sourcecode.swift; path = AIWindowManager.swift; sourceTree = "<group>"; };
		0B223DA2D2B28A9E5439782C /* MTMathListDisplay.swift */ = {isa = PBXFileReference; lastKnownFileType = sourcecode.swift; path = MTMathListDisplay.swift; sourceTree = "<group>"; };
		0E743B480470624A4287B53E /* libSwiftMath.a */ = {isa = PBXFileReference; explicitFileType = archive.ar; includeInIndex = 0; path = libSwiftMath.a; sourceTree = BUILT_PRODUCTS_DIR; };
		0EDD99D2C350FE69E982FD14 /* AIChatMarkdownView.swift */ = {isa = PBXFileReference; lastKnownFileType = sourcecode.swift; path = AIChatMarkdownView.swift; sourceTree = "<group>"; };
		13486C36433281599CC36C34 /* SystemStatusProvider.swift */ = {isa = PBXFileReference; lastKnownFileType = sourcecode.swift; path = SystemStatusProvider.swift; sourceTree = "<group>"; };
		17C89A3F83C8CCA758C24A0C /* TimeDisplayView.swift */ = {isa = PBXFileReference; lastKnownFileType = sourcecode.swift; path = TimeDisplayView.swift; sourceTree = "<group>"; };
		1B0D0E7933D7284CE91B0FBB /* AIToolExecutor.swift */ = {isa = PBXFileReference; lastKnownFileType = sourcecode.swift; path = AIToolExecutor.swift; sourceTree = "<group>"; };
		1E37CE378A41F6F97F6C536A /* AIChatAttachmentViews.swift */ = {isa = PBXFileReference; lastKnownFileType = sourcecode.swift; path = AIChatAttachmentViews.swift; sourceTree = "<group>"; };
		209D2082B5AB449D9864B03C /* ChatSessionStore.swift */ = {isa = PBXFileReference; lastKnownFileType = sourcecode.swift; path = ChatSessionStore.swift; sourceTree = "<group>"; };
		26F4BFA15BAE3D9FF3B340E9 /* AIChatState.swift */ = {isa = PBXFileReference; lastKnownFileType = sourcecode.swift; path = AIChatState.swift; sourceTree = "<group>"; };
		2708792B4D8EF72329E95098 /* QuickShow.app */ = {isa = PBXFileReference; explicitFileType = wrapper.application; includeInIndex = 0; path = QuickShow.app; sourceTree = BUILT_PRODUCTS_DIR; };
		297C69DBAA8EAA91A1CB2756 /* AIToolRegistry.swift */ = {isa = PBXFileReference; lastKnownFileType = sourcecode.swift; path = AIToolRegistry.swift; sourceTree = "<group>"; };
		307BA9E935DBCE1A3EE84090 /* MTConfig.swift */ = {isa = PBXFileReference; lastKnownFileType = sourcecode.swift; path = MTConfig.swift; sourceTree = "<group>"; };
		31B220E8199511E133A53FEA /* MTMathAtomFactory.swift */ = {isa = PBXFileReference; lastKnownFileType = sourcecode.swift; path = MTMathAtomFactory.swift; sourceTree = "<group>"; };
		3AFB3D5D67FEAD99004EDE09 /* WebTools.swift */ = {isa = PBXFileReference; lastKnownFileType = sourcecode.swift; path = WebTools.swift; sourceTree = "<group>"; };
		3B2211C3F2E376A20DB7FE5A /* MTColor.swift */ = {isa = PBXFileReference; lastKnownFileType = sourcecode.swift; path = MTColor.swift; sourceTree = "<group>"; };
		3C1EBF97941477D84BA6F706 /* ImageAttachment.swift */ = {isa = PBXFileReference; lastKnownFileType = sourcecode.swift; path = ImageAttachment.swift; sourceTree = "<group>"; };
		491F9CCD9C383D8736352FDA /* CalendarView.swift */ = {isa = PBXFileReference; lastKnownFileType = sourcecode.swift; path = CalendarView.swift; sourceTree = "<group>"; };
		4CB3F9819E7541B279D9C3FB /* PanelManager.swift */ = {isa = PBXFileReference; lastKnownFileType = sourcecode.swift; path = PanelManager.swift; sourceTree = "<group>"; };
		57013FDF715F8B5844F318F0 /* BuiltInTools.swift */ = {isa = PBXFileReference; lastKnownFileType = sourcecode.swift; path = BuiltInTools.swift; sourceTree = "<group>"; };
		63AE6828207BF9FDF55E3684 /* StatusBarView.swift */ = {isa = PBXFileReference; lastKnownFileType = sourcecode.swift; path = StatusBarView.swift; sourceTree = "<group>"; };
		6A037EDC27F5CEB9073A4B2D /* MTFontV2.swift */ = {isa = PBXFileReference; lastKnownFileType = sourcecode.swift; path = MTFontV2.swift; sourceTree = "<group>"; };
		6E1362BEB3DC49FF20A811F5 /* MTUnicode.swift */ = {isa = PBXFileReference; lastKnownFileType = sourcecode.swift; path = MTUnicode.swift; sourceTree = "<group>"; };
		6EC8BA98E9C478A6D25D3962 /* Info.plist */ = {isa = PBXFileReference; lastKnownFileType = text.plist; path = Info.plist; sourceTree = "<group>"; };
		7DB2782A10BC852F7C88D212 /* MTMathImage.swift */ = {isa = PBXFileReference; lastKnownFileType = sourcecode.swift; path = MTMathImage.swift; sourceTree = "<group>"; };
		7DFA821684D05A5547CE67CC /* AIChatSidebarView.swift */ = {isa = PBXFileReference; lastKnownFileType = sourcecode.swift; path = AIChatSidebarView.swift; sourceTree = "<group>"; };
		80187D648ECC52984FCD6D2C /* QuickShowApp.swift */ = {isa = PBXFileReference; lastKnownFileType = sourcecode.swift; path = QuickShowApp.swift; sourceTree = "<group>"; };
		804C2AFE4E28879F9C343208 /* AIChatView.swift */ = {isa = PBXFileReference; lastKnownFileType = sourcecode.swift; path = AIChatView.swift; sourceTree = "<group>"; };
		8A8DDB1826EFEF6B7CB94BC3 /* PanelView.swift */ = {isa = PBXFileReference; lastKnownFileType = sourcecode.swift; path = PanelView.swift; sourceTree = "<group>"; };
		8F2E6C97F54F40A8B7EE282B /* AIChatService.swift */ = {isa = PBXFileReference; lastKnownFileType = sourcecode.swift; path = AIChatService.swift; sourceTree = "<group>"; };
		9656C66211292A7426B2795C /* MTMathListBuilder.swift */ = {isa = PBXFileReference; lastKnownFileType = sourcecode.swift; path = MTMathListBuilder.swift; sourceTree = "<group>"; };
		9979D59CD3CF1794FBDCF514 /* MTBezierPath.swift */ = {isa = PBXFileReference; lastKnownFileType = sourcecode.swift; path = MTBezierPath.swift; sourceTree = "<group>"; };
		A717A5076D26657EA117861F /* HotKeyManager.swift */ = {isa = PBXFileReference; lastKnownFileType = sourcecode.swift; path = HotKeyManager.swift; sourceTree = "<group>"; };
		B447A4A50153BE5D3817D655 /* mathFonts.bundle */ = {isa = PBXFileReference; lastKnownFileType = folder; name = mathFonts.bundle; path = Vendor/SwiftMath/Sources/SwiftMath/mathFonts.bundle; sourceTree = SOURCE_ROOT; };
		B6E97F9FE6F6637A5F39A803 /* SettingsView.swift */ = {isa = PBXFileReference; lastKnownFileType = sourcecode.swift; path = SettingsView.swift; sourceTree = "<group>"; };
		B75DEE0C2484EC7C0E4D4828 /* MTMathList.swift */ = {isa = PBXFileReference; lastKnownFileType = sourcecode.swift; path = MTMathList.swift; sourceTree = "<group>"; };
		B7BF9C965803CBAE72E3577B /* Assets.xcassets */ = {isa = PBXFileReference; lastKnownFileType = folder.assetcatalog; path = Assets.xcassets; sourceTree = "<group>"; };
		B88CB548F8258C555E4F510C /* MTTypesetter.swift */ = {isa = PBXFileReference; lastKnownFileType = sourcecode.swift; path = MTTypesetter.swift; sourceTree = "<group>"; };
		BC4F3CD708D8C2432833E3E3 /* AIChatWindowControls.swift */ = {isa = PBXFileReference; lastKnownFileType = sourcecode.swift; path = AIChatWindowControls.swift; sourceTree = "<group>"; };
		C01588AECCABE573EFDE95CD /* MediaRemote */ = {isa = PBXFileReference; lastKnownFileType = folder; name = MediaRemote; path = QuickShow/Resources/MediaRemote; sourceTree = SOURCE_ROOT; };
		C132F36FD7F7D2FD7DD1FFF8 /* MTMathListIndex.swift */ = {isa = PBXFileReference; lastKnownFileType = sourcecode.swift; path = MTMathListIndex.swift; sourceTree = "<group>"; };
		C14CCDCBC6C81A448DC4D3B4 /* MathImage.swift */ = {isa = PBXFileReference; lastKnownFileType = sourcecode.swift; path = MathImage.swift; sourceTree = "<group>"; };
		D11F7A6D46279250D573223B /* MathFont.swift */ = {isa = PBXFileReference; lastKnownFileType = sourcecode.swift; path = MathFont.swift; sourceTree = "<group>"; };
		D265EF154F546FE21365CDDE /* AIToolCardView.swift */ = {isa = PBXFileReference; lastKnownFileType = sourcecode.swift; path = AIToolCardView.swift; sourceTree = "<group>"; };
		D2BC33923F7BAC20B1968651 /* MTMathUILabel.swift */ = {isa = PBXFileReference; lastKnownFileType = sourcecode.swift; path = MTMathUILabel.swift; sourceTree = "<group>"; };
		D342490DBC4E6D19B0BB6D48 /* AIChatMathViews.swift */ = {isa = PBXFileReference; lastKnownFileType = sourcecode.swift; path = AIChatMathViews.swift; sourceTree = "<group>"; };
		D63AB70CD13631A39A802994 /* LunarCalendar.swift */ = {isa = PBXFileReference; lastKnownFileType = sourcecode.swift; path = LunarCalendar.swift; sourceTree = "<group>"; };
		D68032BC793ACA6923E904D1 /* AICompletionNotifier.swift */ = {isa = PBXFileReference; lastKnownFileType = sourcecode.swift; path = AICompletionNotifier.swift; sourceTree = "<group>"; };
		D7C7EC4C33CD9AD3C0270AD3 /* RWLock.swift */ = {isa = PBXFileReference; lastKnownFileType = sourcecode.swift; path = RWLock.swift; sourceTree = "<group>"; };
		E8306490C02B02B7D9AC1528 /* MTFontMathTableV2.swift */ = {isa = PBXFileReference; lastKnownFileType = sourcecode.swift; path = MTFontMathTableV2.swift; sourceTree = "<group>"; };
		E84BDE0348FDAA9E49D752F1 /* MTLabel.swift */ = {isa = PBXFileReference; lastKnownFileType = sourcecode.swift; path = MTLabel.swift; sourceTree = "<group>"; };
		EC0A78A95760C2C20A354FDC /* MTFont.swift */ = {isa = PBXFileReference; lastKnownFileType = sourcecode.swift; path = MTFont.swift; sourceTree = "<group>"; };
		F29D2A7DA65EFB27452D51FD /* MTFontManager.swift */ = {isa = PBXFileReference; lastKnownFileType = sourcecode.swift; path = MTFontManager.swift; sourceTree = "<group>"; };
		F4584DE26B61ECF74718A252 /* ExpandedMonitoringView.swift */ = {isa = PBXFileReference; lastKnownFileType = sourcecode.swift; path = ExpandedMonitoringView.swift; sourceTree = "<group>"; };
		F99ABD71A91473D072310ABF /* DesignTokens.swift */ = {isa = PBXFileReference; lastKnownFileType = sourcecode.swift; path = DesignTokens.swift; sourceTree = "<group>"; };
		FC77F949B43F2F53CE7959C4 /* MarkdownParser.swift */ = {isa = PBXFileReference; lastKnownFileType = sourcecode.swift; path = MarkdownParser.swift; sourceTree = "<group>"; };
		FDB3ADAC64611005A5FDFBEB /* GlassSurface.swift */ = {isa = PBXFileReference; lastKnownFileType = sourcecode.swift; path = GlassSurface.swift; sourceTree = "<group>"; };
		FF5392359F9E715F636D0AE1 /* ScreenHelper.swift */ = {isa = PBXFileReference; lastKnownFileType = sourcecode.swift; path = ScreenHelper.swift; sourceTree = "<group>"; };
/* End PBXFileReference section */

/* Begin PBXFrameworksBuildPhase section */
		EED7EA50917A3162414D8210 /* Frameworks */ = {
			isa = PBXFrameworksBuildPhase;
			buildActionMask = 2147483647;
			files = (
				1CEBF69EE33C8D9B699B377B /* libSwiftMath.a in Frameworks */,
			);
			runOnlyForDeploymentPostprocessing = 0;
		};
/* End PBXFrameworksBuildPhase section */

/* Begin PBXGroup section */
		14739B229E5E151F4686E36E /* SwiftMath */ = {
			isa = PBXGroup;
			children = (
				380BDDA3D26B7E577E863397 /* MathBundle */,
				60BE52BD2FDEE8E9D7F27DB1 /* MathRender */,
			);
			name = SwiftMath;
			path = Vendor/SwiftMath/Sources/SwiftMath;
			sourceTree = "<group>";
		};
		1735B580DC3B51B3B6946295 /* Utilities */ = {
			isa = PBXGroup;
			children = (
				F99ABD71A91473D072310ABF /* DesignTokens.swift */,
				03B0B0357916235B809E566B /* FloatingPanel.swift */,
				FDB3ADAC64611005A5FDFBEB /* GlassSurface.swift */,
				D63AB70CD13631A39A802994 /* LunarCalendar.swift */,
				FF5392359F9E715F636D0AE1 /* ScreenHelper.swift */,
				13486C36433281599CC36C34 /* SystemStatusProvider.swift */,
			);
			path = Utilities;
			sourceTree = "<group>";
		};
		208989162C61EB5089E7CF98 /* Core */ = {
			isa = PBXGroup;
			children = (
				04AE831E93734F1F74D7F169 /* AIWindowManager.swift */,
				02C56336313E564A9C58442B /* AppState.swift */,
				A717A5076D26657EA117861F /* HotKeyManager.swift */,
				4CB3F9819E7541B279D9C3FB /* PanelManager.swift */,
			);
			path = Core;
			sourceTree = "<group>";
		};
		380BDDA3D26B7E577E863397 /* MathBundle */ = {
			isa = PBXGroup;
			children = (
				D11F7A6D46279250D573223B /* MathFont.swift */,
				C14CCDCBC6C81A448DC4D3B4 /* MathImage.swift */,
				E8306490C02B02B7D9AC1528 /* MTFontMathTableV2.swift */,
				6A037EDC27F5CEB9073A4B2D /* MTFontV2.swift */,
			);
			path = MathBundle;
			sourceTree = "<group>";
		};
		51140C791DB8B1B86DE4B6FC /* Views */ = {
			isa = PBXGroup;
			children = (
				1E37CE378A41F6F97F6C536A /* AIChatAttachmentViews.swift */,
				0EDD99D2C350FE69E982FD14 /* AIChatMarkdownView.swift */,
				D342490DBC4E6D19B0BB6D48 /* AIChatMathViews.swift */,
				7DFA821684D05A5547CE67CC /* AIChatSidebarView.swift */,
				804C2AFE4E28879F9C343208 /* AIChatView.swift */,
				BC4F3CD708D8C2432833E3E3 /* AIChatWindowControls.swift */,
				D265EF154F546FE21365CDDE /* AIToolCardView.swift */,
				491F9CCD9C383D8736352FDA /* CalendarView.swift */,
				F4584DE26B61ECF74718A252 /* ExpandedMonitoringView.swift */,
				8A8DDB1826EFEF6B7CB94BC3 /* PanelView.swift */,
				B6E97F9FE6F6637A5F39A803 /* SettingsView.swift */,
				63AE6828207BF9FDF55E3684 /* StatusBarView.swift */,
				17C89A3F83C8CCA758C24A0C /* TimeDisplayView.swift */,
			);
			path = Views;
			sourceTree = "<group>";
		};
		5213C295391011042FC7DFE5 = {
			isa = PBXGroup;
			children = (
				B447A4A50153BE5D3817D655 /* mathFonts.bundle */,
				C01588AECCABE573EFDE95CD /* MediaRemote */,
				CF516E079863CEF8EC5C397C /* QuickShow */,
				14739B229E5E151F4686E36E /* SwiftMath */,
				9B0F05138AE231E7D18DDCA2 /* Products */,
			);
			sourceTree = "<group>";
		};
		60BE52BD2FDEE8E9D7F27DB1 /* MathRender */ = {
			isa = PBXGroup;
			children = (
				9979D59CD3CF1794FBDCF514 /* MTBezierPath.swift */,
				3B2211C3F2E376A20DB7FE5A /* MTColor.swift */,
				307BA9E935DBCE1A3EE84090 /* MTConfig.swift */,
				EC0A78A95760C2C20A354FDC /* MTFont.swift */,
				F29D2A7DA65EFB27452D51FD /* MTFontManager.swift */,
				03458E0DB4A3F5DA4B1ABA3F /* MTFontMathTable.swift */,
				E84BDE0348FDAA9E49D752F1 /* MTLabel.swift */,
				31B220E8199511E133A53FEA /* MTMathAtomFactory.swift */,
				7DB2782A10BC852F7C88D212 /* MTMathImage.swift */,
				B75DEE0C2484EC7C0E4D4828 /* MTMathList.swift */,
				9656C66211292A7426B2795C /* MTMathListBuilder.swift */,
				0B223DA2D2B28A9E5439782C /* MTMathListDisplay.swift */,
				C132F36FD7F7D2FD7DD1FFF8 /* MTMathListIndex.swift */,
				D2BC33923F7BAC20B1968651 /* MTMathUILabel.swift */,
				B88CB548F8258C555E4F510C /* MTTypesetter.swift */,
				6E1362BEB3DC49FF20A811F5 /* MTUnicode.swift */,
				D7C7EC4C33CD9AD3C0270AD3 /* RWLock.swift */,
			);
			path = MathRender;
			sourceTree = "<group>";
		};
		727AE6DE1B375F15B376972B /* AI */ = {
			isa = PBXGroup;
			children = (
				8F2E6C97F54F40A8B7EE282B /* AIChatService.swift */,
				26F4BFA15BAE3D9FF3B340E9 /* AIChatState.swift */,
				D68032BC793ACA6923E904D1 /* AICompletionNotifier.swift */,
				209D2082B5AB449D9864B03C /* ChatSessionStore.swift */,
				3C1EBF97941477D84BA6F706 /* ImageAttachment.swift */,
				FC77F949B43F2F53CE7959C4 /* MarkdownParser.swift */,
				A6396C9BB874D8C3216A5C33 /* Tools */,
			);
			path = AI;
			sourceTree = "<group>";
		};
		9B0F05138AE231E7D18DDCA2 /* Products */ = {
			isa = PBXGroup;
			children = (
				0E743B480470624A4287B53E /* libSwiftMath.a */,
				2708792B4D8EF72329E95098 /* QuickShow.app */,
			);
			name = Products;
			sourceTree = "<group>";
		};
		A6396C9BB874D8C3216A5C33 /* Tools */ = {
			isa = PBXGroup;
			children = (
				1B0D0E7933D7284CE91B0FBB /* AIToolExecutor.swift */,
				297C69DBAA8EAA91A1CB2756 /* AIToolRegistry.swift */,
				57013FDF715F8B5844F318F0 /* BuiltInTools.swift */,
				3AFB3D5D67FEAD99004EDE09 /* WebTools.swift */,
			);
			path = Tools;
			sourceTree = "<group>";
		};
		CF516E079863CEF8EC5C397C /* QuickShow */ = {
			isa = PBXGroup;
			children = (
				B7BF9C965803CBAE72E3577B /* Assets.xcassets */,
				6EC8BA98E9C478A6D25D3962 /* Info.plist */,
				80187D648ECC52984FCD6D2C /* QuickShowApp.swift */,
				727AE6DE1B375F15B376972B /* AI */,
				208989162C61EB5089E7CF98 /* Core */,
				1735B580DC3B51B3B6946295 /* Utilities */,
				51140C791DB8B1B86DE4B6FC /* Views */,
			);
			path = QuickShow;
			sourceTree = "<group>";
		};
		"TEMP_449E1617-C0A9-4BB1-85C2-DF7D6A7BAF0B" /* Resources */ = {
			isa = PBXGroup;
			children = (
			);
			path = Resources;
			sourceTree = "<group>";
		};
/* End PBXGroup section */

/* Begin PBXNativeTarget section */
		254399A8D21441251C531DE5 /* SwiftMath */ = {
			isa = PBXNativeTarget;
			buildConfigurationList = 4390F5ED8341E2FE0C95DC01 /* Build configuration list for PBXNativeTarget "SwiftMath" */;
			buildPhases = (
				810C3F31935794FAC39BDE5C /* Sources */,
				2B67CF8C19980585A6A9B520 /* Copy Swift Objective-C Interface Header */,
			);
			buildRules = (
			);
			dependencies = (
			);
			name = SwiftMath;
			packageProductDependencies = (
			);
			productName = SwiftMath;
			productReference = 0E743B480470624A4287B53E /* libSwiftMath.a */;
			productType = "com.apple.product-type.library.static";
		};
		993125575F008F2721CCD60C /* QuickShow */ = {
			isa = PBXNativeTarget;
			buildConfigurationList = 89EA4D8ACA55B6ECB2E24892 /* Build configuration list for PBXNativeTarget "QuickShow" */;
			buildPhases = (
				6E85668974090CE620EF86E7 /* Sources */,
				4DFC12B0ABCB3EFE106243C1 /* Resources */,
				EED7EA50917A3162414D8210 /* Frameworks */,
			);
			buildRules = (
			);
			dependencies = (
				34D67F92FEB3526B34B140A1 /* PBXTargetDependency */,
			);
			name = QuickShow;
			packageProductDependencies = (
			);
			productName = QuickShow;
			productReference = 2708792B4D8EF72329E95098 /* QuickShow.app */;
			productType = "com.apple.product-type.application";
		};
/* End PBXNativeTarget section */

/* Begin PBXProject section */
		90D56D6065E97DA3300D9C84 /* Project object */ = {
			isa = PBXProject;
			attributes = {
				BuildIndependentTargetsInParallel = YES;
				LastUpgradeCheck = 1600;
				TargetAttributes = {
					254399A8D21441251C531DE5 = {
						DevelopmentTeam = "";
					};
					993125575F008F2721CCD60C = {
						DevelopmentTeam = "";
						ProvisioningStyle = Manual;
					};
				};
			};
			buildConfigurationList = BFD76B360F8AB050F8C5560F /* Build configuration list for PBXProject "QuickShow" */;
			developmentRegion = en;
			hasScannedForEncodings = 0;
			knownRegions = (
				Base,
				en,
			);
			mainGroup = 5213C295391011042FC7DFE5;
			minimizedProjectReferenceProxies = 1;
			preferredProjectObjectVersion = 77;
			productRefGroup = 9B0F05138AE231E7D18DDCA2 /* Products */;
			projectDirPath = "";
			projectRoot = "";
			targets = (
				993125575F008F2721CCD60C /* QuickShow */,
				254399A8D21441251C531DE5 /* SwiftMath */,
			);
		};
/* End PBXProject section */

/* Begin PBXResourcesBuildPhase section */
		4DFC12B0ABCB3EFE106243C1 /* Resources */ = {
			isa = PBXResourcesBuildPhase;
			buildActionMask = 2147483647;
			files = (
				F4BE6BFAA94DEC22AE533146 /* Assets.xcassets in Resources */,
				0FF0EAC1AC72FBE27721C977 /* MediaRemote in Resources */,
				2FE8433EC0F02F3317099504 /* mathFonts.bundle in Resources */,
			);
			runOnlyForDeploymentPostprocessing = 0;
		};
/* End PBXResourcesBuildPhase section */

/* Begin PBXShellScriptBuildPhase section */
		2B67CF8C19980585A6A9B520 /* Copy Swift Objective-C Interface Header */ = {
			isa = PBXShellScriptBuildPhase;
			buildActionMask = 2147483647;
			files = (
			);
			inputPaths = (
				"$(DERIVED_SOURCES_DIR)/$(SWIFT_OBJC_INTERFACE_HEADER_NAME)",
			);
			name = "Copy Swift Objective-C Interface Header";
			outputPaths = (
				"$(BUILT_PRODUCTS_DIR)/include/$(PRODUCT_MODULE_NAME)/$(SWIFT_OBJC_INTERFACE_HEADER_NAME)",
			);
			runOnlyForDeploymentPostprocessing = 0;
			shellPath = /bin/sh;
			shellScript = "ditto \"${SCRIPT_INPUT_FILE_0}\" \"${SCRIPT_OUTPUT_FILE_0}\"\n";
		};
/* End PBXShellScriptBuildPhase section */

/* Begin PBXSourcesBuildPhase section */
		6E85668974090CE620EF86E7 /* Sources */ = {
			isa = PBXSourcesBuildPhase;
			buildActionMask = 2147483647;
			files = (
				AE7B7FBB6DA67690F1F7F5DC /* AIChatAttachmentViews.swift in Sources */,
				B294658D1B91F980CBB27E32 /* AIChatMarkdownView.swift in Sources */,
				ACA81BBE00536E8C914F3A1D /* AIChatMathViews.swift in Sources */,
				86FE75DF91D637852C56DA63 /* AIChatService.swift in Sources */,
				851C980FD0829DA5AD6402D2 /* AIChatSidebarView.swift in Sources */,
				A3E1307AC8680216CF70DC61 /* AIChatState.swift in Sources */,
				F13C2D9C4C12EFB1BF2857DA /* AIChatView.swift in Sources */,
				0C5114982045E735EAE25370 /* AIChatWindowControls.swift in Sources */,
				134C9389697F7A8589E3C21A /* AICompletionNotifier.swift in Sources */,
				809266C1C45B4248D7842710 /* AIToolCardView.swift in Sources */,
				5B5A3E7275818436396E7FAF /* AIToolExecutor.swift in Sources */,
				C487EBACFBBB0EA6317F469E /* AIToolRegistry.swift in Sources */,
				A42B4A28AE6A886BD709BD63 /* AIWindowManager.swift in Sources */,
				C778FB23F5A4619CABDD5A3F /* AppState.swift in Sources */,
				48869261FB3AFE69DE9E7264 /* BuiltInTools.swift in Sources */,
				492029441824493F4626037D /* CalendarView.swift in Sources */,
				E542D68A284B997ED9194C5F /* ChatSessionStore.swift in Sources */,
				6EBCA67406643D8157B55A57 /* DesignTokens.swift in Sources */,
				91069499DDBCC2426DCC41CD /* ExpandedMonitoringView.swift in Sources */,
				066968D1CC95F6A7FE8D0715 /* FloatingPanel.swift in Sources */,
				B9C5F13390504281B5288EB4 /* GlassSurface.swift in Sources */,
				396D8C5B98B04772B5CF3FD5 /* HotKeyManager.swift in Sources */,
				8F288B929638E67091C36B3A /* ImageAttachment.swift in Sources */,
				8CCF8BF71812D3A221D8CF4F /* LunarCalendar.swift in Sources */,
				06AFDE855BCBA67DE767B4E1 /* MarkdownParser.swift in Sources */,
				7325565C24EBC2891BB84D17 /* PanelManager.swift in Sources */,
				753DAC8192ADA968147DC4AF /* PanelView.swift in Sources */,
				AE5BB4255439940FC1B24CA2 /* QuickShowApp.swift in Sources */,
				5BDA48B3BFAE35BC6548EAF2 /* ScreenHelper.swift in Sources */,
				1232F626BAE9114CD9B5CB60 /* SettingsView.swift in Sources */,
				9C6E9CC1DF2EDE421FC52145 /* StatusBarView.swift in Sources */,
				873EB16C0D9C58155D24B3B8 /* SystemStatusProvider.swift in Sources */,
				5162038574579AC6630B05D5 /* TimeDisplayView.swift in Sources */,
				7E7814E04576707C2E177CD2 /* WebTools.swift in Sources */,
			);
			runOnlyForDeploymentPostprocessing = 0;
		};
		810C3F31935794FAC39BDE5C /* Sources */ = {
			isa = PBXSourcesBuildPhase;
			buildActionMask = 2147483647;
			files = (
				BAAA508F44101CD01C5E43A2 /* MTBezierPath.swift in Sources */,
				0BB0E0FE6EC153DCC4DED9CF /* MTColor.swift in Sources */,
				065A7458F83D731ED73D4D33 /* MTConfig.swift in Sources */,
				E730A6B03064328D862A238B /* MTFont.swift in Sources */,
				7F3550D6676EC0182DD29A75 /* MTFontManager.swift in Sources */,
				7B1CF349CFA5269F288D9612 /* MTFontMathTable.swift in Sources */,
				FF86284F7EB2DF312039B7E2 /* MTFontMathTableV2.swift in Sources */,
				45F48861BD508743A0514146 /* MTFontV2.swift in Sources */,
				30440526851B6CE2562C8459 /* MTLabel.swift in Sources */,
				3FC1DB5D580A579E2803DF5A /* MTMathAtomFactory.swift in Sources */,
				16E81EBBA25542856B8CEC7D /* MTMathImage.swift in Sources */,
				7D894712465CA4E102E46212 /* MTMathList.swift in Sources */,
				267EBE782C8E63EC0B1B76FB /* MTMathListBuilder.swift in Sources */,
				80FFA17FD32F15AB85C5BCC3 /* MTMathListDisplay.swift in Sources */,
				00B5149450CDBE5397A80E8D /* MTMathListIndex.swift in Sources */,
				ED72D26D82D73094EFEC4267 /* MTMathUILabel.swift in Sources */,
				8EA9020A6D1DCEA1B41E831F /* MTTypesetter.swift in Sources */,
				CA0D6647F82669AE53BB7812 /* MTUnicode.swift in Sources */,
				DA4C6170D2969158BA1E3B38 /* MathFont.swift in Sources */,
				EFE080DEA2B34CD39F704145 /* MathImage.swift in Sources */,
				F7A44C62B3BA697C2B3B80CC /* RWLock.swift in Sources */,
			);
			runOnlyForDeploymentPostprocessing = 0;
		};
/* End PBXSourcesBuildPhase section */

/* Begin PBXTargetDependency section */
		34D67F92FEB3526B34B140A1 /* PBXTargetDependency */ = {
			isa = PBXTargetDependency;
			target = 254399A8D21441251C531DE5 /* SwiftMath */;
			targetProxy = FF634EEEB26D0E42EFBBA9BC /* PBXContainerItemProxy */;
		};
/* End PBXTargetDependency section */

/* Begin XCBuildConfiguration section */
		1843F27081A09D2585EBD32C /* Debug */ = {
			isa = XCBuildConfiguration;
			buildSettings = {
				ASSETCATALOG_COMPILER_APPICON_NAME = AppIcon;
				CODE_SIGN_IDENTITY = "QuickShow Development";
				CODE_SIGN_STYLE = Manual;
				COMBINE_HIDPI_IMAGES = YES;
				ENABLE_HARDENED_RUNTIME = NO;
				GENERATE_INFOPLIST_FILE = NO;
				INFOPLIST_FILE = QuickShow/Info.plist;
				LD_RUNPATH_SEARCH_PATHS = (
					"$(inherited)",
					"@executable_path/../Frameworks",
				);
				OTHER_LDFLAGS = (
					"-framework",
					Carbon,
					"-framework",
					IOKit,
					"-framework",
					CoreWLAN,
					"-framework",
					CoreAudio,
					"-framework",
					IOBluetooth,
					"-framework",
					EventKit,
					"-framework",
					CoreBluetooth,
					"-framework",
					CoreLocation,
					"-framework",
					Network,
					"-ObjC",
				);
				PRODUCT_BUNDLE_IDENTIFIER = cn.chiproad.QuickShow;
				PRODUCT_NAME = QuickShow;
				SDKROOT = macosx;
			};
			name = Debug;
		};
		221D01680830CA6744BE88E0 /* Release */ = {
			isa = XCBuildConfiguration;
			buildSettings = {
				ALWAYS_SEARCH_USER_PATHS = NO;
				CLANG_ANALYZER_NONNULL = YES;
				CLANG_ANALYZER_NUMBER_OBJECT_CONVERSION = YES_AGGRESSIVE;
				CLANG_CXX_LANGUAGE_STANDARD = "gnu++14";
				CLANG_CXX_LIBRARY = "libc++";
				CLANG_ENABLE_MODULES = YES;
				CLANG_ENABLE_MODULE_DEBUGGING = NO;
				CLANG_ENABLE_OBJC_ARC = YES;
				CLANG_ENABLE_OBJC_WEAK = YES;
				CLANG_WARN_BLOCK_CAPTURE_AUTORELEASING = YES;
				CLANG_WARN_BOOL_CONVERSION = YES;
				CLANG_WARN_COMMA = YES;
				CLANG_WARN_CONSTANT_CONVERSION = YES;
				CLANG_WARN_DEPRECATED_OBJC_IMPLEMENTATIONS = YES;
				CLANG_WARN_DIRECT_OBJC_ISA_USAGE = YES_ERROR;
				CLANG_WARN_DOCUMENTATION_COMMENTS = YES;
				CLANG_WARN_EMPTY_BODY = YES;
				CLANG_WARN_ENUM_CONVERSION = YES;
				CLANG_WARN_INFINITE_RECURSION = YES;
				CLANG_WARN_INT_CONVERSION = YES;
				CLANG_WARN_NON_LITERAL_NULL_CONVERSION = YES;
				CLANG_WARN_OBJC_IMPLICIT_RETAIN_SELF = YES;
				CLANG_WARN_OBJC_LITERAL_CONVERSION = YES;
				CLANG_WARN_OBJC_ROOT_CLASS = YES_ERROR;
				CLANG_WARN_QUOTED_INCLUDE_IN_FRAMEWORK_HEADER = YES;
				CLANG_WARN_RANGE_LOOP_ANALYSIS = YES;
				CLANG_WARN_STRICT_PROTOTYPES = YES;
				CLANG_WARN_SUSPICIOUS_MOVE = YES;
				CLANG_WARN_UNGUARDED_AVAILABILITY = YES_AGGRESSIVE;
				CLANG_WARN_UNREACHABLE_CODE = YES;
				CLANG_WARN__DUPLICATE_METHOD_MATCH = YES;
				CODE_SIGN_IDENTITY = "QuickShow Development";
				COPY_PHASE_STRIP = NO;
				DEAD_CODE_STRIPPING = YES;
				DEBUG_INFORMATION_FORMAT = "dwarf-with-dsym";
				DEPLOYMENT_POSTPROCESSING = YES;
				DEVELOPMENT_TEAM = "";
				ENABLE_NS_ASSERTIONS = NO;
				ENABLE_STRICT_OBJC_MSGSEND = YES;
				GCC_C_LANGUAGE_STANDARD = gnu11;
				GCC_NO_COMMON_BLOCKS = YES;
				GCC_OPTIMIZATION_LEVEL = s;
				GCC_WARN_64_TO_32_BIT_CONVERSION = YES;
				GCC_WARN_ABOUT_RETURN_TYPE = YES_ERROR;
				GCC_WARN_UNDECLARED_SELECTOR = YES;
				GCC_WARN_UNINITIALIZED_AUTOS = YES_AGGRESSIVE;
				GCC_WARN_UNUSED_FUNCTION = YES;
				GCC_WARN_UNUSED_VARIABLE = YES;
				LLVM_LTO = YES;
				MACOSX_DEPLOYMENT_TARGET = 13.0;
				MTL_ENABLE_DEBUG_INFO = NO;
				MTL_FAST_MATH = YES;
				PRODUCT_NAME = QuickShow;
				SDKROOT = macosx;
				STRIP_INSTALLED_PRODUCT = YES;
				STRIP_STYLE = all;
				SWIFT_COMPILATION_MODE = wholemodule;
				SWIFT_OPTIMIZATION_LEVEL = "-O";
				SWIFT_VERSION = 5.9;
			};
			name = Release;
		};
		8B35B50373BA392BF73EFB1C /* Release */ = {
			isa = XCBuildConfiguration;
			buildSettings = {
				COMBINE_HIDPI_IMAGES = YES;
				LD_RUNPATH_SEARCH_PATHS = (
					"$(inherited)",
					"@executable_path/../Frameworks",
				);
				MACOSX_DEPLOYMENT_TARGET = 13.0;
				PRODUCT_BUNDLE_IDENTIFIER = cn.chiproad.SwiftMath;
				PRODUCT_MODULE_NAME = SwiftMath;
				PRODUCT_NAME = SwiftMath;
				SDKROOT = macosx;
				SKIP_INSTALL = YES;
				SWIFT_VERSION = 5.9;
			};
			name = Release;
		};
		928AFF7A10F788E6618D1535 /* Debug */ = {
			isa = XCBuildConfiguration;
			buildSettings = {
				ALWAYS_SEARCH_USER_PATHS = NO;
				CLANG_ANALYZER_NONNULL = YES;
				CLANG_ANALYZER_NUMBER_OBJECT_CONVERSION = YES_AGGRESSIVE;
				CLANG_CXX_LANGUAGE_STANDARD = "gnu++14";
				CLANG_CXX_LIBRARY = "libc++";
				CLANG_ENABLE_MODULES = YES;
				CLANG_ENABLE_OBJC_ARC = YES;
				CLANG_ENABLE_OBJC_WEAK = YES;
				CLANG_WARN_BLOCK_CAPTURE_AUTORELEASING = YES;
				CLANG_WARN_BOOL_CONVERSION = YES;
				CLANG_WARN_COMMA = YES;
				CLANG_WARN_CONSTANT_CONVERSION = YES;
				CLANG_WARN_DEPRECATED_OBJC_IMPLEMENTATIONS = YES;
				CLANG_WARN_DIRECT_OBJC_ISA_USAGE = YES_ERROR;
				CLANG_WARN_DOCUMENTATION_COMMENTS = YES;
				CLANG_WARN_EMPTY_BODY = YES;
				CLANG_WARN_ENUM_CONVERSION = YES;
				CLANG_WARN_INFINITE_RECURSION = YES;
				CLANG_WARN_INT_CONVERSION = YES;
				CLANG_WARN_NON_LITERAL_NULL_CONVERSION = YES;
				CLANG_WARN_OBJC_IMPLICIT_RETAIN_SELF = YES;
				CLANG_WARN_OBJC_LITERAL_CONVERSION = YES;
				CLANG_WARN_OBJC_ROOT_CLASS = YES_ERROR;
				CLANG_WARN_QUOTED_INCLUDE_IN_FRAMEWORK_HEADER = YES;
				CLANG_WARN_RANGE_LOOP_ANALYSIS = YES;
				CLANG_WARN_STRICT_PROTOTYPES = YES;
				CLANG_WARN_SUSPICIOUS_MOVE = YES;
				CLANG_WARN_UNGUARDED_AVAILABILITY = YES_AGGRESSIVE;
				CLANG_WARN_UNREACHABLE_CODE = YES;
				CLANG_WARN__DUPLICATE_METHOD_MATCH = YES;
				CODE_SIGN_IDENTITY = "QuickShow Development";
				COPY_PHASE_STRIP = NO;
				DEBUG_INFORMATION_FORMAT = dwarf;
				DEVELOPMENT_TEAM = "";
				ENABLE_STRICT_OBJC_MSGSEND = YES;
				ENABLE_TESTABILITY = YES;
				GCC_C_LANGUAGE_STANDARD = gnu11;
				GCC_DYNAMIC_NO_PIC = NO;
				GCC_NO_COMMON_BLOCKS = YES;
				GCC_OPTIMIZATION_LEVEL = 0;
				GCC_PREPROCESSOR_DEFINITIONS = (
					"$(inherited)",
					"DEBUG=1",
				);
				GCC_WARN_64_TO_32_BIT_CONVERSION = YES;
				GCC_WARN_ABOUT_RETURN_TYPE = YES_ERROR;
				GCC_WARN_UNDECLARED_SELECTOR = YES;
				GCC_WARN_UNINITIALIZED_AUTOS = YES_AGGRESSIVE;
				GCC_WARN_UNUSED_FUNCTION = YES;
				GCC_WARN_UNUSED_VARIABLE = YES;
				MACOSX_DEPLOYMENT_TARGET = 13.0;
				MTL_ENABLE_DEBUG_INFO = INCLUDE_SOURCE;
				MTL_FAST_MATH = YES;
				ONLY_ACTIVE_ARCH = YES;
				PRODUCT_NAME = QuickShow;
				SDKROOT = macosx;
				SWIFT_ACTIVE_COMPILATION_CONDITIONS = DEBUG;
				SWIFT_OPTIMIZATION_LEVEL = "-Onone";
				SWIFT_VERSION = 5.9;
			};
			name = Debug;
		};
		9FAE3F7CE1555EF1F09C7E61 /* Debug */ = {
			isa = XCBuildConfiguration;
			buildSettings = {
				COMBINE_HIDPI_IMAGES = YES;
				LD_RUNPATH_SEARCH_PATHS = (
					"$(inherited)",
					"@executable_path/../Frameworks",
				);
				MACOSX_DEPLOYMENT_TARGET = 13.0;
				PRODUCT_BUNDLE_IDENTIFIER = cn.chiproad.SwiftMath;
				PRODUCT_MODULE_NAME = SwiftMath;
				PRODUCT_NAME = SwiftMath;
				SDKROOT = macosx;
				SKIP_INSTALL = YES;
				SWIFT_VERSION = 5.9;
			};
			name = Debug;
		};
		C85EB82269F25858FCF86DB4 /* Release */ = {
			isa = XCBuildConfiguration;
			buildSettings = {
				ASSETCATALOG_COMPILER_APPICON_NAME = AppIcon;
				CODE_SIGN_IDENTITY = "QuickShow Development";
				CODE_SIGN_STYLE = Manual;
				COMBINE_HIDPI_IMAGES = YES;
				ENABLE_HARDENED_RUNTIME = NO;
				GENERATE_INFOPLIST_FILE = NO;
				INFOPLIST_FILE = QuickShow/Info.plist;
				LD_RUNPATH_SEARCH_PATHS = (
					"$(inherited)",
					"@executable_path/../Frameworks",
				);
				OTHER_LDFLAGS = (
					"-framework",
					Carbon,
					"-framework",
					IOKit,
					"-framework",
					CoreWLAN,
					"-framework",
					CoreAudio,
					"-framework",
					IOBluetooth,
					"-framework",
					EventKit,
					"-framework",
					CoreBluetooth,
					"-framework",
					CoreLocation,
					"-framework",
					Network,
					"-ObjC",
				);
				PRODUCT_BUNDLE_IDENTIFIER = cn.chiproad.QuickShow;
				PRODUCT_NAME = QuickShow;
				SDKROOT = macosx;
			};
			name = Release;
		};
/* End XCBuildConfiguration section */

/* Begin XCConfigurationList section */
		4390F5ED8341E2FE0C95DC01 /* Build configuration list for PBXNativeTarget "SwiftMath" */ = {
			isa = XCConfigurationList;
			buildConfigurations = (
				9FAE3F7CE1555EF1F09C7E61 /* Debug */,
				8B35B50373BA392BF73EFB1C /* Release */,
			);
			defaultConfigurationIsVisible = 0;
			defaultConfigurationName = Debug;
		};
		89EA4D8ACA55B6ECB2E24892 /* Build configuration list for PBXNativeTarget "QuickShow" */ = {
			isa = XCConfigurationList;
			buildConfigurations = (
				1843F27081A09D2585EBD32C /* Debug */,
				C85EB82269F25858FCF86DB4 /* Release */,
			);
			defaultConfigurationIsVisible = 0;
			defaultConfigurationName = Debug;
		};
		BFD76B360F8AB050F8C5560F /* Build configuration list for PBXProject "QuickShow" */ = {
			isa = XCConfigurationList;
			buildConfigurations = (
				928AFF7A10F788E6618D1535 /* Debug */,
				221D01680830CA6744BE88E0 /* Release */,
			);
			defaultConfigurationIsVisible = 0;
			defaultConfigurationName = Debug;
		};
/* End XCConfigurationList section */
	};
	rootObject = 90D56D6065E97DA3300D9C84 /* Project object */;
}
